
Microsoft Visual Studio Solution File, Format Version 12.00
# Visual Studio Version 16
VisualStudioVersion = 16.0.31424.327
MinimumVisualStudioVersion = 10.0.40219.1
Project("{FAE04EC0-301F-11D3-BF4B-00C04F79EFBC}") = "DesignPatternTPfinal", "DesignPatternTPfinal.csproj", "{3CEDFDD4-21F3-4262-919A-E6A8D898AFFF}"
EndProject
Global
	GlobalSection(SolutionConfigurationPlatforms) = preSolution
		Debug|Any CPU = Debug|Any CPU
		Release|Any CPU = Release|Any CPU
	EndGlobalSection
	GlobalSection(ProjectConfigurationPlatforms) = postSolution
		{3CEDFDD4-21F3-4262-919A-E6A8D898AFFF}.Debug|Any CPU.ActiveCfg = Debug|Any CPU
		{3CEDFDD4-21F3-4262-919A-E6A8D898AFFF}.Debug|Any CPU.Build.0 = Debug|Any CPU
		{3CEDFDD4-21F3-4262-919A-E6A8D898AFFF}.Release|Any CPU.ActiveCfg = Release|Any CPU
		{3CEDFDD4-21F3-4262-919A-E6A8D898AFFF}.Release|Any CPU.Build.0 = Release|Any CPU
	EndGlobalSection
	GlobalSection(SolutionProperties) = preSolution
		HideSolutionNode = FALSE
	EndGlobalSection
	GlobalSection(ExtensibilityGlobals) = postSolution
		SolutionGuid = {37B43E39-08F3-406C-8AB7-B847D3016482}
	EndGlobalSection
EndGlobal
